
Microsoft Visual Studio Solution File, Format Version 12.00
# Visual Studio Version 17
VisualStudioVersion = 17.4.33110.190
MinimumVisualStudioVersion = 10.0.40219.1
Project("{FAE04EC0-301F-11D3-BF4B-00C04F79EFBC}") = "21212121", "21212121\21212121.csproj", "{1D79D335-122A-4FF9-AF0F-2E5BCA8D5400}"
EndProject
Global
	GlobalSection(SolutionConfigurationPlatforms) = preSolution
		Debug|Any CPU = Debug|Any CPU
		Release|Any CPU = Release|Any CPU
	EndGlobalSection
	GlobalSection(ProjectConfigurationPlatforms) = postSolution
		{1D79D335-122A-4FF9-AF0F-2E5BCA8D5400}.Debug|Any CPU.ActiveCfg = Release|Any CPU
		{1D79D335-122A-4FF9-AF0F-2E5BCA8D5400}.Debug|Any CPU.Build.0 = Release|Any CPU
		{1D79D335-122A-4FF9-AF0F-2E5BCA8D5400}.Release|Any CPU.ActiveCfg = Release|Any CPU
		{1D79D335-122A-4FF9-AF0F-2E5BCA8D5400}.Release|Any CPU.Build.0 = Release|Any CPU
	EndGlobalSection
	GlobalSection(SolutionProperties) = preSolution
		HideSolutionNode = FALSE
	EndGlobalSection
	GlobalSection(ExtensibilityGlobals) = postSolution
		SolutionGuid = {4DE5E8D9-0C1E-4CF6-8CA9-5D8891F5102A}
	EndGlobalSection
EndGlobal
